
Microsoft Visual Studio Solution File, Format Version 12.00
# Visual Studio Version 16
VisualStudioVersion = 16.0.30114.105
MinimumVisualStudioVersion = 10.0.40219.1
Project("{2150E333-8FDC-42A3-9474-1A3956D46DE8}") = "src", "src", "{DC95571F-EB49-4F43-8410-B8126BEA4B75}"
EndProject
Project("{2150E333-8FDC-42A3-9474-1A3956D46DE8}") = "Services", "Services", "{A6343509-983B-461E-9CDC-D5FE7E55AD13}"
EndProject
Project("{2150E333-8FDC-42A3-9474-1A3956D46DE8}") = "Products", "Products", "{52232357-2859-44EA-80CD-601E58058B6D}"
EndProject
Project("{FAE04EC0-301F-11D3-BF4B-00C04F79EFBC}") = "ESourcing.Products", "src\Services\Products\ESourcing.Products\ESourcing.Products.csproj", "{AA8D91BE-7F60-48D4-9CD7-DEFB73A2BF7B}"
EndProject
Global
	GlobalSection(SolutionConfigurationPlatforms) = preSolution
		Debug|Any CPU = Debug|Any CPU
		Release|Any CPU = Release|Any CPU
	EndGlobalSection
	GlobalSection(SolutionProperties) = preSolution
		HideSolutionNode = FALSE
	EndGlobalSection
	GlobalSection(ProjectConfigurationPlatforms) = postSolution
		{AA8D91BE-7F60-48D4-9CD7-DEFB73A2BF7B}.Debug|Any CPU.ActiveCfg = Debug|Any CPU
		{AA8D91BE-7F60-48D4-9CD7-DEFB73A2BF7B}.Debug|Any CPU.Build.0 = Debug|Any CPU
		{AA8D91BE-7F60-48D4-9CD7-DEFB73A2BF7B}.Release|Any CPU.ActiveCfg = Release|Any CPU
		{AA8D91BE-7F60-48D4-9CD7-DEFB73A2BF7B}.Release|Any CPU.Build.0 = Release|Any CPU
	EndGlobalSection
	GlobalSection(NestedProjects) = preSolution
		{A6343509-983B-461E-9CDC-D5FE7E55AD13} = {DC95571F-EB49-4F43-8410-B8126BEA4B75}
		{52232357-2859-44EA-80CD-601E58058B6D} = {A6343509-983B-461E-9CDC-D5FE7E55AD13}
		{AA8D91BE-7F60-48D4-9CD7-DEFB73A2BF7B} = {52232357-2859-44EA-80CD-601E58058B6D}
	EndGlobalSection
EndGlobal
